<?xml version="1.0" encoding="utf-8"?>
<Project ToolsVersion="4.0" xmlns="http://schemas.microsoft.com/developer/msbuild/2003">
  <ItemGroup>
    <Filter Include="源文件">
      <UniqueIdentifier>{4FC737F1-C7A5-4376-A066-2A32D752A2FF}</UniqueIdentifier>
      <Extensions>cpp;c;cc;cxx;def;odl;idl;hpj;bat;asm;asmx</Extensions>
    </Filter>
    <Filter Include="头文件">
      <UniqueIdentifier>{93995380-89BD-4b04-88EB-625FBE52EBFB}</UniqueIdentifier>
      <Extensions>h;hh;hpp;hxx;hm;inl;inc;ipp;xsd</Extensions>
    </Filter>
    <Filter Include="资源文件">
      <UniqueIdentifier>{67DA6AB6-F800-4c08-8B7A-83BB121AAD01}</UniqueIdentifier>
      <Extensions>rc;ico;cur;bmp;dlg;rc2;rct;bin;rgs;gif;jpg;jpeg;jpe;resx;tiff;tif;png;wav;mfcribbon-ms</Extensions>
    </Filter>
    <Filter Include="源文件\201809_201902">
      <UniqueIdentifier>{2efd256e-6b2a-4a8a-b0e7-f89d98ecbeb8}</UniqueIdentifier>
    </Filter>
    <Filter Include="源文件\201903_2019_08">
      <UniqueIdentifier>{863ae085-d812-497b-89eb-691486f16528}</UniqueIdentifier>
    </Filter>
    <Filter Include="源文件\201909">
      <UniqueIdentifier>{a2506d67-8be1-4bb3-a2dc-2413d6666dda}</UniqueIdentifier>
    </Filter>
  </ItemGroup>
  <ItemGroup>
    <ClCompile Include="addTwoNumbers.cpp">
      <Filter>源文件\201809_201902</Filter>
    </ClCompile>
    <ClCompile Include="ContainerWithMostWater.cpp">
      <Filter>源文件\201809_201902</Filter>
    </ClCompile>
    <ClCompile Include="countAndSay.cpp">
      <Filter>源文件\201809_201902</Filter>
    </ClCompile>
    <ClCompile Include="Longest_Palindromic_Substring.cpp">
      <Filter>源文件\201809_201902</Filter>
    </ClCompile>
    <ClCompile Include="Longest_Substring_Without_Repeating_Characters.cpp">
      <Filter>源文件\201809_201902</Filter>
    </ClCompile>
    <ClCompile Include="Palindrome_Number.cpp">
      <Filter>源文件\201809_201902</Filter>
    </ClCompile>
    <ClCompile Include="reverse.cpp">
      <Filter>源文件\201809_201902</Filter>
    </ClCompile>
    <ClCompile Include="Roman_To_Integer.cpp">
      <Filter>源文件\201809_201902</Filter>
    </ClCompile>
    <ClCompile Include="Rotate_Image.cpp">
      <Filter>源文件\201809_201902</Filter>
    </ClCompile>
    <ClCompile Include="TrappingRainWater.cpp">
      <Filter>源文件\201809_201902</Filter>
    </ClCompile>
    <ClCompile Include="TrappingRainWater2.cpp">
      <Filter>源文件\201809_201902</Filter>
    </ClCompile>
    <ClCompile Include="ZigZag_Conversion.cpp">
      <Filter>源文件\201809_201902</Filter>
    </ClCompile>
    <ClCompile Include="3Sum.cpp">
      <Filter>源文件\201809_201902</Filter>
    </ClCompile>
    <ClCompile Include="4Sum.cpp">
      <Filter>源文件\201809_201902</Filter>
    </ClCompile>
    <ClCompile Include="Minimum_Path_Sum.cpp">
      <Filter>源文件\201903_2019_08</Filter>
    </ClCompile>
    <ClCompile Include="Climbing_Stairs.cpp">
      <Filter>源文件\201903_2019_08</Filter>
    </ClCompile>
    <ClCompile Include="House_Robber.cpp">
      <Filter>源文件\201903_2019_08</Filter>
    </ClCompile>
    <ClCompile Include="House_Robber2.cpp">
      <Filter>源文件\201903_2019_08</Filter>
    </ClCompile>
    <ClCompile Include="House_Robber3.cpp">
      <Filter>源文件\201903_2019_08</Filter>
    </ClCompile>
    <ClCompile Include="Boats_to_Save_People.cpp">
      <Filter>源文件\201903_2019_08</Filter>
    </ClCompile>
    <ClCompile Include="Fruit_into_Baskets.cpp">
      <Filter>源文件\201903_2019_08</Filter>
    </ClCompile>
    <ClCompile Include="Remove_Element.cpp">
      <Filter>源文件\201903_2019_08</Filter>
    </ClCompile>
    <ClCompile Include="Move_Zeroes.cpp">
      <Filter>源文件\201903_2019_08</Filter>
    </ClCompile>
    <ClCompile Include="Minimum_Size_Subarray_Sum.cpp">
      <Filter>源文件\201903_2019_08</Filter>
    </ClCompile>
    <ClCompile Include="Implement_strStr.cpp">
      <Filter>源文件\201903_2019_08</Filter>
    </ClCompile>
    <ClCompile Include="3Sum_Closest.cpp">
      <Filter>源文件\201903_2019_08</Filter>
    </ClCompile>
    <ClCompile Include="Remove_Nth_Node_From_End_of_List.cpp">
      <Filter>源文件\201903_2019_08</Filter>
    </ClCompile>
    <ClCompile Include="Reverse_Linked_List.cpp">
      <Filter>源文件\201903_2019_08</Filter>
    </ClCompile>
    <ClCompile Include="Battleships_in_a_Board.cpp">
      <Filter>源文件\201903_2019_08</Filter>
    </ClCompile>
    <ClCompile Include="First_Bad_Version.cpp">
      <Filter>源文件\201903_2019_08</Filter>
    </ClCompile>
    <ClCompile Include="Guess_Number_Higher_or_Lower.cpp">
      <Filter>源文件\201903_2019_08</Filter>
    </ClCompile>
    <ClCompile Include="Dungeon_Game.cpp">
      <Filter>源文件\201903_2019_08</Filter>
    </ClCompile>
    <ClCompile Include="Maximum_Subarray.cpp">
      <Filter>源文件\201903_2019_08</Filter>
    </ClCompile>
    <ClCompile Include="Binary_Tree.cpp">
      <Filter>源文件\201903_2019_08</Filter>
    </ClCompile>
    <ClCompile Include="code.cpp">
      <Filter>源文件\201903_2019_08</Filter>
    </ClCompile>
    <ClCompile Include="LemonadeChange.cpp">
      <Filter>源文件\201909</Filter>
    </ClCompile>
    <ClCompile Include="TransposeMatrix.cpp">
      <Filter>源文件\201909</Filter>
    </ClCompile>
    <ClCompile Include="codeTest.cpp">
      <Filter>源文件\201909</Filter>
    </ClCompile>
    <ClCompile Include="Matrix_Multiplication.cpp">
      <Filter>源文件\201909</Filter>
    </ClCompile>
    <ClCompile Include="backTrack.cpp">
      <Filter>源文件\201909</Filter>
    </ClCompile>
    <ClCompile Include="maxGroup.cpp">
      <Filter>源文件\201909</Filter>
    </ClCompile>
    <ClCompile Include="mapColor.cpp">
      <Filter>源文件\201909</Filter>
    </ClCompile>
    <ClCompile Include="NQueue.cpp">
      <Filter>源文件\201909</Filter>
    </ClCompile>
  </ItemGroup>
</Project>